
Microsoft Visual Studio Solution File, Format Version 12.00
# Visual Studio 14
VisualStudioVersion = 14.0.23107.0
MinimumVisualStudioVersion = 10.0.40219.1
Project("{FAE04EC0-301F-11D3-BF4B-00C04F79EFBC}") = "PusherClient", "PusherClient\PusherClient.csproj", "{9E30E755-C00E-4BF7-B56B-8F2D836FBA60}"
EndProject
Project("{FAE04EC0-301F-11D3-BF4B-00C04F79EFBC}") = "ExampleApplication", "ExampleApplication\ExampleApplication.csproj", "{D6D38D9A-EF72-4C0D-A4A9-C325775E5CA3}"
EndProject
Project("{FAE04EC0-301F-11D3-BF4B-00C04F79EFBC}") = "AuthHost", "AuthHost\AuthHost.csproj", "{218EE921-5E27-4E15-9382-42DD2F40857C}"
EndProject
Project("{2150E333-8FDC-42A3-9474-1A3956D46DE8}") = "Files", "Files", "{2D9F07A0-C627-434A-8C94-CD7CD175720F}"
	ProjectSection(SolutionItems) = preProject
		pusher-dotnet-client.nuspec = pusher-dotnet-client.nuspec
		README.md = README.md
	EndProjectSection
EndProject
Project("{FAE04EC0-301F-11D3-BF4B-00C04F79EFBC}") = "PusherClient.Android", "PusherClient.Android\PusherClient.Android.csproj", "{E98D9CC8-944E-457D-A3E4-FC2B87457C97}"
EndProject
Project("{D954291E-2A0B-460D-934E-DC6B0785DB48}") = "PusherClient.Shared", "PusherClient.Shared\PusherClient.Shared.shproj", "{CDAE08F5-9184-4A91-8CF6-0B8F56BF41EB}"
EndProject
Project("{FAE04EC0-301F-11D3-BF4B-00C04F79EFBC}") = "PusherClient.iOS", "PusherClient.iOS\PusherClient.iOS.csproj", "{7C53BBCF-0EE2-464A-85F1-646761DB12F7}"
EndProject
Project("{FAE04EC0-301F-11D3-BF4B-00C04F79EFBC}") = "PusherClient.UWP", "PusherClient.UWP\PusherClient.UWP.csproj", "{BC88DEE1-A949-4137-AC7E-68F42B300D64}"
EndProject
Project("{FAE04EC0-301F-11D3-BF4B-00C04F79EFBC}") = "ExampleApplication.Android", "ExampleApplication.Android\ExampleApplication.Android.csproj", "{78CC041B-FC46-445E-AAF8-6F6C034B856B}"
EndProject
Project("{FAE04EC0-301F-11D3-BF4B-00C04F79EFBC}") = "ExampleApplication.iOS", "ExampleApplication.iOS\ExampleApplication.iOS.csproj", "{7112890B-FB5F-4E85-BDB7-591013CC3186}"
EndProject
Project("{FAE04EC0-301F-11D3-BF4B-00C04F79EFBC}") = "ExampleApplication.UWP", "ExampleApplication.UWP\ExampleApplication.UWP.csproj", "{EECA62E6-7FB2-4B27-AA46-E49CC1430102}"
EndProject
Global
	GlobalSection(SharedMSBuildProjectFiles) = preSolution
		PusherClient.Shared\PusherClient.Shared.projitems*{e98d9cc8-944e-457d-a3e4-fc2b87457c97}*SharedItemsImports = 4
		PusherClient.Shared\PusherClient.Shared.projitems*{9e30e755-c00e-4bf7-b56b-8f2d836fba60}*SharedItemsImports = 4
		PusherClient.Shared\PusherClient.Shared.projitems*{7c53bbcf-0ee2-464a-85f1-646761db12f7}*SharedItemsImports = 4
		PusherClient.Shared\PusherClient.Shared.projitems*{cdae08f5-9184-4a91-8cf6-0b8f56bf41eb}*SharedItemsImports = 13
		PusherClient.Shared\PusherClient.Shared.projitems*{bc88dee1-a949-4137-ac7e-68f42b300d64}*SharedItemsImports = 4
	EndGlobalSection
	GlobalSection(SolutionConfigurationPlatforms) = preSolution
		Ad-Hoc|Any CPU = Ad-Hoc|Any CPU
		Ad-Hoc|ARM = Ad-Hoc|ARM
		Ad-Hoc|iPhone = Ad-Hoc|iPhone
		Ad-Hoc|iPhoneSimulator = Ad-Hoc|iPhoneSimulator
		Ad-Hoc|x64 = Ad-Hoc|x64
		Ad-Hoc|x86 = Ad-Hoc|x86
		AppStore|Any CPU = AppStore|Any CPU
		AppStore|ARM = AppStore|ARM
		AppStore|iPhone = AppStore|iPhone
		AppStore|iPhoneSimulator = AppStore|iPhoneSimulator
		AppStore|x64 = AppStore|x64
		AppStore|x86 = AppStore|x86
		Debug|Any CPU = Debug|Any CPU
		Debug|ARM = Debug|ARM
		Debug|iPhone = Debug|iPhone
		Debug|iPhoneSimulator = Debug|iPhoneSimulator
		Debug|x64 = Debug|x64
		Debug|x86 = Debug|x86
		Release|Any CPU = Release|Any CPU
		Release|ARM = Release|ARM
		Release|iPhone = Release|iPhone
		Release|iPhoneSimulator = Release|iPhoneSimulator
		Release|x64 = Release|x64
		Release|x86 = Release|x86
	EndGlobalSection
	GlobalSection(ProjectConfigurationPlatforms) = postSolution
		{9E30E755-C00E-4BF7-B56B-8F2D836FBA60}.Ad-Hoc|Any CPU.ActiveCfg = Release|Any CPU
		{9E30E755-C00E-4BF7-B56B-8F2D836FBA60}.Ad-Hoc|Any CPU.Build.0 = Release|Any CPU
		{9E30E755-C00E-4BF7-B56B-8F2D836FBA60}.Ad-Hoc|ARM.ActiveCfg = Release|Any CPU
		{9E30E755-C00E-4BF7-B56B-8F2D836FBA60}.Ad-Hoc|ARM.Build.0 = Release|Any CPU
		{9E30E755-C00E-4BF7-B56B-8F2D836FBA60}.Ad-Hoc|iPhone.ActiveCfg = Release|Any CPU
		{9E30E755-C00E-4BF7-B56B-8F2D836FBA60}.Ad-Hoc|iPhone.Build.0 = Release|Any CPU
		{9E30E755-C00E-4BF7-B56B-8F2D836FBA60}.Ad-Hoc|iPhoneSimulator.ActiveCfg = Release|Any CPU
		{9E30E755-C00E-4BF7-B56B-8F2D836FBA60}.Ad-Hoc|iPhoneSimulator.Build.0 = Release|Any CPU
		{9E30E755-C00E-4BF7-B56B-8F2D836FBA60}.Ad-Hoc|x64.ActiveCfg = Release|Any CPU
		{9E30E755-C00E-4BF7-B56B-8F2D836FBA60}.Ad-Hoc|x64.Build.0 = Release|Any CPU
		{9E30E755-C00E-4BF7-B56B-8F2D836FBA60}.Ad-Hoc|x86.ActiveCfg = Release|Any CPU
		{9E30E755-C00E-4BF7-B56B-8F2D836FBA60}.Ad-Hoc|x86.Build.0 = Release|Any CPU
		{9E30E755-C00E-4BF7-B56B-8F2D836FBA60}.AppStore|Any CPU.ActiveCfg = Release|Any CPU
		{9E30E755-C00E-4BF7-B56B-8F2D836FBA60}.AppStore|Any CPU.Build.0 = Release|Any CPU
		{9E30E755-C00E-4BF7-B56B-8F2D836FBA60}.AppStore|ARM.ActiveCfg = Release|Any CPU
		{9E30E755-C00E-4BF7-B56B-8F2D836FBA60}.AppStore|ARM.Build.0 = Release|Any CPU
		{9E30E755-C00E-4BF7-B56B-8F2D836FBA60}.AppStore|iPhone.ActiveCfg = Release|Any CPU
		{9E30E755-C00E-4BF7-B56B-8F2D836FBA60}.AppStore|iPhone.Build.0 = Release|Any CPU
		{9E30E755-C00E-4BF7-B56B-8F2D836FBA60}.AppStore|iPhoneSimulator.ActiveCfg = Release|Any CPU
		{9E30E755-C00E-4BF7-B56B-8F2D836FBA60}.AppStore|iPhoneSimulator.Build.0 = Release|Any CPU
		{9E30E755-C00E-4BF7-B56B-8F2D836FBA60}.AppStore|x64.ActiveCfg = Release|Any CPU
		{9E30E755-C00E-4BF7-B56B-8F2D836FBA60}.AppStore|x64.Build.0 = Release|Any CPU
		{9E30E755-C00E-4BF7-B56B-8F2D836FBA60}.AppStore|x86.ActiveCfg = Release|Any CPU
		{9E30E755-C00E-4BF7-B56B-8F2D836FBA60}.AppStore|x86.Build.0 = Release|Any CPU
		{9E30E755-C00E-4BF7-B56B-8F2D836FBA60}.Debug|Any CPU.ActiveCfg = Debug|Any CPU
		{9E30E755-C00E-4BF7-B56B-8F2D836FBA60}.Debug|Any CPU.Build.0 = Debug|Any CPU
		{9E30E755-C00E-4BF7-B56B-8F2D836FBA60}.Debug|ARM.ActiveCfg = Debug|Any CPU
		{9E30E755-C00E-4BF7-B56B-8F2D836FBA60}.Debug|ARM.Build.0 = Debug|Any CPU
		{9E30E755-C00E-4BF7-B56B-8F2D836FBA60}.Debug|iPhone.ActiveCfg = Debug|Any CPU
		{9E30E755-C00E-4BF7-B56B-8F2D836FBA60}.Debug|iPhoneSimulator.ActiveCfg = Debug|Any CPU
		{9E30E755-C00E-4BF7-B56B-8F2D836FBA60}.Debug|x64.ActiveCfg = Debug|Any CPU
		{9E30E755-C00E-4BF7-B56B-8F2D836FBA60}.Debug|x64.Build.0 = Debug|Any CPU
		{9E30E755-C00E-4BF7-B56B-8F2D836FBA60}.Debug|x86.ActiveCfg = Debug|Any CPU
		{9E30E755-C00E-4BF7-B56B-8F2D836FBA60}.Debug|x86.Build.0 = Debug|Any CPU
		{9E30E755-C00E-4BF7-B56B-8F2D836FBA60}.Release|Any CPU.ActiveCfg = Release|Any CPU
		{9E30E755-C00E-4BF7-B56B-8F2D836FBA60}.Release|Any CPU.Build.0 = Release|Any CPU
		{9E30E755-C00E-4BF7-B56B-8F2D836FBA60}.Release|ARM.ActiveCfg = Release|Any CPU
		{9E30E755-C00E-4BF7-B56B-8F2D836FBA60}.Release|ARM.Build.0 = Release|Any CPU
		{9E30E755-C00E-4BF7-B56B-8F2D836FBA60}.Release|iPhone.ActiveCfg = Release|Any CPU
		{9E30E755-C00E-4BF7-B56B-8F2D836FBA60}.Release|iPhone.Build.0 = Release|Any CPU
		{9E30E755-C00E-4BF7-B56B-8F2D836FBA60}.Release|iPhoneSimulator.ActiveCfg = Release|Any CPU
		{9E30E755-C00E-4BF7-B56B-8F2D836FBA60}.Release|iPhoneSimulator.Build.0 = Release|Any CPU
		{9E30E755-C00E-4BF7-B56B-8F2D836FBA60}.Release|x64.ActiveCfg = Release|Any CPU
		{9E30E755-C00E-4BF7-B56B-8F2D836FBA60}.Release|x64.Build.0 = Release|Any CPU
		{9E30E755-C00E-4BF7-B56B-8F2D836FBA60}.Release|x86.ActiveCfg = Release|Any CPU
		{9E30E755-C00E-4BF7-B56B-8F2D836FBA60}.Release|x86.Build.0 = Release|Any CPU
		{D6D38D9A-EF72-4C0D-A4A9-C325775E5CA3}.Ad-Hoc|Any CPU.ActiveCfg = Release|Any CPU
		{D6D38D9A-EF72-4C0D-A4A9-C325775E5CA3}.Ad-Hoc|Any CPU.Build.0 = Release|Any CPU
		{D6D38D9A-EF72-4C0D-A4A9-C325775E5CA3}.Ad-Hoc|ARM.ActiveCfg = Release|Any CPU
		{D6D38D9A-EF72-4C0D-A4A9-C325775E5CA3}.Ad-Hoc|ARM.Build.0 = Release|Any CPU
		{D6D38D9A-EF72-4C0D-A4A9-C325775E5CA3}.Ad-Hoc|iPhone.ActiveCfg = Release|Any CPU
		{D6D38D9A-EF72-4C0D-A4A9-C325775E5CA3}.Ad-Hoc|iPhone.Build.0 = Release|Any CPU
		{D6D38D9A-EF72-4C0D-A4A9-C325775E5CA3}.Ad-Hoc|iPhoneSimulator.ActiveCfg = Release|Any CPU
		{D6D38D9A-EF72-4C0D-A4A9-C325775E5CA3}.Ad-Hoc|iPhoneSimulator.Build.0 = Release|Any CPU
		{D6D38D9A-EF72-4C0D-A4A9-C325775E5CA3}.Ad-Hoc|x64.ActiveCfg = Release|Any CPU
		{D6D38D9A-EF72-4C0D-A4A9-C325775E5CA3}.Ad-Hoc|x64.Build.0 = Release|Any CPU
		{D6D38D9A-EF72-4C0D-A4A9-C325775E5CA3}.Ad-Hoc|x86.ActiveCfg = Release|Any CPU
		{D6D38D9A-EF72-4C0D-A4A9-C325775E5CA3}.Ad-Hoc|x86.Build.0 = Release|Any CPU
		{D6D38D9A-EF72-4C0D-A4A9-C325775E5CA3}.AppStore|Any CPU.ActiveCfg = Release|Any CPU
		{D6D38D9A-EF72-4C0D-A4A9-C325775E5CA3}.AppStore|Any CPU.Build.0 = Release|Any CPU
		{D6D38D9A-EF72-4C0D-A4A9-C325775E5CA3}.AppStore|ARM.ActiveCfg = Release|Any CPU
		{D6D38D9A-EF72-4C0D-A4A9-C325775E5CA3}.AppStore|ARM.Build.0 = Release|Any CPU
		{D6D38D9A-EF72-4C0D-A4A9-C325775E5CA3}.AppStore|iPhone.ActiveCfg = Release|Any CPU
		{D6D38D9A-EF72-4C0D-A4A9-C325775E5CA3}.AppStore|iPhone.Build.0 = Release|Any CPU
		{D6D38D9A-EF72-4C0D-A4A9-C325775E5CA3}.AppStore|iPhoneSimulator.ActiveCfg = Release|Any CPU
		{D6D38D9A-EF72-4C0D-A4A9-C325775E5CA3}.AppStore|iPhoneSimulator.Build.0 = Release|Any CPU
		{D6D38D9A-EF72-4C0D-A4A9-C325775E5CA3}.AppStore|x64.ActiveCfg = Release|Any CPU
		{D6D38D9A-EF72-4C0D-A4A9-C325775E5CA3}.AppStore|x64.Build.0 = Release|Any CPU
		{D6D38D9A-EF72-4C0D-A4A9-C325775E5CA3}.AppStore|x86.ActiveCfg = Release|Any CPU
		{D6D38D9A-EF72-4C0D-A4A9-C325775E5CA3}.AppStore|x86.Build.0 = Release|Any CPU
		{D6D38D9A-EF72-4C0D-A4A9-C325775E5CA3}.Debug|Any CPU.ActiveCfg = Debug|Any CPU
		{D6D38D9A-EF72-4C0D-A4A9-C325775E5CA3}.Debug|Any CPU.Build.0 = Debug|Any CPU
		{D6D38D9A-EF72-4C0D-A4A9-C325775E5CA3}.Debug|ARM.ActiveCfg = Debug|Any CPU
		{D6D38D9A-EF72-4C0D-A4A9-C325775E5CA3}.Debug|ARM.Build.0 = Debug|Any CPU
		{D6D38D9A-EF72-4C0D-A4A9-C325775E5CA3}.Debug|iPhone.ActiveCfg = Debug|Any CPU
		{D6D38D9A-EF72-4C0D-A4A9-C325775E5CA3}.Debug|iPhoneSimulator.ActiveCfg = Debug|Any CPU
		{D6D38D9A-EF72-4C0D-A4A9-C325775E5CA3}.Debug|x64.ActiveCfg = Debug|Any CPU
		{D6D38D9A-EF72-4C0D-A4A9-C325775E5CA3}.Debug|x64.Build.0 = Debug|Any CPU
		{D6D38D9A-EF72-4C0D-A4A9-C325775E5CA3}.Debug|x86.ActiveCfg = Debug|Any CPU
		{D6D38D9A-EF72-4C0D-A4A9-C325775E5CA3}.Debug|x86.Build.0 = Debug|Any CPU
		{D6D38D9A-EF72-4C0D-A4A9-C325775E5CA3}.Release|Any CPU.ActiveCfg = Release|Any CPU
		{D6D38D9A-EF72-4C0D-A4A9-C325775E5CA3}.Release|Any CPU.Build.0 = Release|Any CPU
		{D6D38D9A-EF72-4C0D-A4A9-C325775E5CA3}.Release|ARM.ActiveCfg = Release|Any CPU
		{D6D38D9A-EF72-4C0D-A4A9-C325775E5CA3}.Release|ARM.Build.0 = Release|Any CPU
		{D6D38D9A-EF72-4C0D-A4A9-C325775E5CA3}.Release|iPhone.ActiveCfg = Release|Any CPU
		{D6D38D9A-EF72-4C0D-A4A9-C325775E5CA3}.Release|iPhone.Build.0 = Release|Any CPU
		{D6D38D9A-EF72-4C0D-A4A9-C325775E5CA3}.Release|iPhoneSimulator.ActiveCfg = Release|Any CPU
		{D6D38D9A-EF72-4C0D-A4A9-C325775E5CA3}.Release|iPhoneSimulator.Build.0 = Release|Any CPU
		{D6D38D9A-EF72-4C0D-A4A9-C325775E5CA3}.Release|x64.ActiveCfg = Release|Any CPU
		{D6D38D9A-EF72-4C0D-A4A9-C325775E5CA3}.Release|x64.Build.0 = Release|Any CPU
		{D6D38D9A-EF72-4C0D-A4A9-C325775E5CA3}.Release|x86.ActiveCfg = Release|Any CPU
		{D6D38D9A-EF72-4C0D-A4A9-C325775E5CA3}.Release|x86.Build.0 = Release|Any CPU
		{218EE921-5E27-4E15-9382-42DD2F40857C}.Ad-Hoc|Any CPU.ActiveCfg = Release|Any CPU
		{218EE921-5E27-4E15-9382-42DD2F40857C}.Ad-Hoc|Any CPU.Build.0 = Release|Any CPU
		{218EE921-5E27-4E15-9382-42DD2F40857C}.Ad-Hoc|ARM.ActiveCfg = Release|Any CPU
		{218EE921-5E27-4E15-9382-42DD2F40857C}.Ad-Hoc|ARM.Build.0 = Release|Any CPU
		{218EE921-5E27-4E15-9382-42DD2F40857C}.Ad-Hoc|iPhone.ActiveCfg = Release|Any CPU
		{218EE921-5E27-4E15-9382-42DD2F40857C}.Ad-Hoc|iPhone.Build.0 = Release|Any CPU
		{218EE921-5E27-4E15-9382-42DD2F40857C}.Ad-Hoc|iPhoneSimulator.ActiveCfg = Release|Any CPU
		{218EE921-5E27-4E15-9382-42DD2F40857C}.Ad-Hoc|iPhoneSimulator.Build.0 = Release|Any CPU
		{218EE921-5E27-4E15-9382-42DD2F40857C}.Ad-Hoc|x64.ActiveCfg = Release|Any CPU
		{218EE921-5E27-4E15-9382-42DD2F40857C}.Ad-Hoc|x64.Build.0 = Release|Any CPU
		{218EE921-5E27-4E15-9382-42DD2F40857C}.Ad-Hoc|x86.ActiveCfg = Release|Any CPU
		{218EE921-5E27-4E15-9382-42DD2F40857C}.Ad-Hoc|x86.Build.0 = Release|Any CPU
		{218EE921-5E27-4E15-9382-42DD2F40857C}.AppStore|Any CPU.ActiveCfg = Release|Any CPU
		{218EE921-5E27-4E15-9382-42DD2F40857C}.AppStore|Any CPU.Build.0 = Release|Any CPU
		{218EE921-5E27-4E15-9382-42DD2F40857C}.AppStore|ARM.ActiveCfg = Release|Any CPU
		{218EE921-5E27-4E15-9382-42DD2F40857C}.AppStore|ARM.Build.0 = Release|Any CPU
		{218EE921-5E27-4E15-9382-42DD2F40857C}.AppStore|iPhone.ActiveCfg = Release|Any CPU
		{218EE921-5E27-4E15-9382-42DD2F40857C}.AppStore|iPhone.Build.0 = Release|Any CPU
		{218EE921-5E27-4E15-9382-42DD2F40857C}.AppStore|iPhoneSimulator.ActiveCfg = Release|Any CPU
		{218EE921-5E27-4E15-9382-42DD2F40857C}.AppStore|iPhoneSimulator.Build.0 = Release|Any CPU
		{218EE921-5E27-4E15-9382-42DD2F40857C}.AppStore|x64.ActiveCfg = Release|Any CPU
		{218EE921-5E27-4E15-9382-42DD2F40857C}.AppStore|x64.Build.0 = Release|Any CPU
		{218EE921-5E27-4E15-9382-42DD2F40857C}.AppStore|x86.ActiveCfg = Release|Any CPU
		{218EE921-5E27-4E15-9382-42DD2F40857C}.AppStore|x86.Build.0 = Release|Any CPU
		{218EE921-5E27-4E15-9382-42DD2F40857C}.Debug|Any CPU.ActiveCfg = Debug|Any CPU
		{218EE921-5E27-4E15-9382-42DD2F40857C}.Debug|Any CPU.Build.0 = Debug|Any CPU
		{218EE921-5E27-4E15-9382-42DD2F40857C}.Debug|ARM.ActiveCfg = Debug|Any CPU
		{218EE921-5E27-4E15-9382-42DD2F40857C}.Debug|ARM.Build.0 = Debug|Any CPU
		{218EE921-5E27-4E15-9382-42DD2F40857C}.Debug|iPhone.ActiveCfg = Debug|Any CPU
		{218EE921-5E27-4E15-9382-42DD2F40857C}.Debug|iPhone.Build.0 = Debug|Any CPU
		{218EE921-5E27-4E15-9382-42DD2F40857C}.Debug|iPhoneSimulator.ActiveCfg = Debug|Any CPU
		{218EE921-5E27-4E15-9382-42DD2F40857C}.Debug|iPhoneSimulator.Build.0 = Debug|Any CPU
		{218EE921-5E27-4E15-9382-42DD2F40857C}.Debug|x64.ActiveCfg = Debug|Any CPU
		{218EE921-5E27-4E15-9382-42DD2F40857C}.Debug|x64.Build.0 = Debug|Any CPU
		{218EE921-5E27-4E15-9382-42DD2F40857C}.Debug|x86.ActiveCfg = Debug|Any CPU
		{218EE921-5E27-4E15-9382-42DD2F40857C}.Debug|x86.Build.0 = Debug|Any CPU
		{218EE921-5E27-4E15-9382-42DD2F40857C}.Release|Any CPU.ActiveCfg = Release|Any CPU
		{218EE921-5E27-4E15-9382-42DD2F40857C}.Release|Any CPU.Build.0 = Release|Any CPU
		{218EE921-5E27-4E15-9382-42DD2F40857C}.Release|ARM.ActiveCfg = Release|Any CPU
		{218EE921-5E27-4E15-9382-42DD2F40857C}.Release|ARM.Build.0 = Release|Any CPU
		{218EE921-5E27-4E15-9382-42DD2F40857C}.Release|iPhone.ActiveCfg = Release|Any CPU
		{218EE921-5E27-4E15-9382-42DD2F40857C}.Release|iPhone.Build.0 = Release|Any CPU
		{218EE921-5E27-4E15-9382-42DD2F40857C}.Release|iPhoneSimulator.ActiveCfg = Release|Any CPU
		{218EE921-5E27-4E15-9382-42DD2F40857C}.Release|iPhoneSimulator.Build.0 = Release|Any CPU
		{218EE921-5E27-4E15-9382-42DD2F40857C}.Release|x64.ActiveCfg = Release|Any CPU
		{218EE921-5E27-4E15-9382-42DD2F40857C}.Release|x64.Build.0 = Release|Any CPU
		{218EE921-5E27-4E15-9382-42DD2F40857C}.Release|x86.ActiveCfg = Release|Any CPU
		{218EE921-5E27-4E15-9382-42DD2F40857C}.Release|x86.Build.0 = Release|Any CPU
		{E98D9CC8-944E-457D-A3E4-FC2B87457C97}.Ad-Hoc|Any CPU.ActiveCfg = Release|Any CPU
		{E98D9CC8-944E-457D-A3E4-FC2B87457C97}.Ad-Hoc|Any CPU.Build.0 = Release|Any CPU
		{E98D9CC8-944E-457D-A3E4-FC2B87457C97}.Ad-Hoc|ARM.ActiveCfg = Release|Any CPU
		{E98D9CC8-944E-457D-A3E4-FC2B87457C97}.Ad-Hoc|ARM.Build.0 = Release|Any CPU
		{E98D9CC8-944E-457D-A3E4-FC2B87457C97}.Ad-Hoc|iPhone.ActiveCfg = Release|Any CPU
		{E98D9CC8-944E-457D-A3E4-FC2B87457C97}.Ad-Hoc|iPhone.Build.0 = Release|Any CPU
		{E98D9CC8-944E-457D-A3E4-FC2B87457C97}.Ad-Hoc|iPhoneSimulator.ActiveCfg = Release|Any CPU
		{E98D9CC8-944E-457D-A3E4-FC2B87457C97}.Ad-Hoc|iPhoneSimulator.Build.0 = Release|Any CPU
		{E98D9CC8-944E-457D-A3E4-FC2B87457C97}.Ad-Hoc|x64.ActiveCfg = Release|Any CPU
		{E98D9CC8-944E-457D-A3E4-FC2B87457C97}.Ad-Hoc|x64.Build.0 = Release|Any CPU
		{E98D9CC8-944E-457D-A3E4-FC2B87457C97}.Ad-Hoc|x86.ActiveCfg = Release|Any CPU
		{E98D9CC8-944E-457D-A3E4-FC2B87457C97}.Ad-Hoc|x86.Build.0 = Release|Any CPU
		{E98D9CC8-944E-457D-A3E4-FC2B87457C97}.AppStore|Any CPU.ActiveCfg = Release|Any CPU
		{E98D9CC8-944E-457D-A3E4-FC2B87457C97}.AppStore|Any CPU.Build.0 = Release|Any CPU
		{E98D9CC8-944E-457D-A3E4-FC2B87457C97}.AppStore|ARM.ActiveCfg = Release|Any CPU
		{E98D9CC8-944E-457D-A3E4-FC2B87457C97}.AppStore|ARM.Build.0 = Release|Any CPU
		{E98D9CC8-944E-457D-A3E4-FC2B87457C97}.AppStore|iPhone.ActiveCfg = Release|Any CPU
		{E98D9CC8-944E-457D-A3E4-FC2B87457C97}.AppStore|iPhone.Build.0 = Release|Any CPU
		{E98D9CC8-944E-457D-A3E4-FC2B87457C97}.AppStore|iPhoneSimulator.ActiveCfg = Release|Any CPU
		{E98D9CC8-944E-457D-A3E4-FC2B87457C97}.AppStore|iPhoneSimulator.Build.0 = Release|Any CPU
		{E98D9CC8-944E-457D-A3E4-FC2B87457C97}.AppStore|x64.ActiveCfg = Release|Any CPU
		{E98D9CC8-944E-457D-A3E4-FC2B87457C97}.AppStore|x64.Build.0 = Release|Any CPU
		{E98D9CC8-944E-457D-A3E4-FC2B87457C97}.AppStore|x86.ActiveCfg = Release|Any CPU
		{E98D9CC8-944E-457D-A3E4-FC2B87457C97}.AppStore|x86.Build.0 = Release|Any CPU
		{E98D9CC8-944E-457D-A3E4-FC2B87457C97}.Debug|Any CPU.ActiveCfg = Debug|Any CPU
		{E98D9CC8-944E-457D-A3E4-FC2B87457C97}.Debug|Any CPU.Build.0 = Debug|Any CPU
		{E98D9CC8-944E-457D-A3E4-FC2B87457C97}.Debug|ARM.ActiveCfg = Debug|Any CPU
		{E98D9CC8-944E-457D-A3E4-FC2B87457C97}.Debug|ARM.Build.0 = Debug|Any CPU
		{E98D9CC8-944E-457D-A3E4-FC2B87457C97}.Debug|iPhone.ActiveCfg = Debug|Any CPU
		{E98D9CC8-944E-457D-A3E4-FC2B87457C97}.Debug|iPhoneSimulator.ActiveCfg = Debug|Any CPU
		{E98D9CC8-944E-457D-A3E4-FC2B87457C97}.Debug|x64.ActiveCfg = Debug|Any CPU
		{E98D9CC8-944E-457D-A3E4-FC2B87457C97}.Debug|x64.Build.0 = Debug|Any CPU
		{E98D9CC8-944E-457D-A3E4-FC2B87457C97}.Debug|x86.ActiveCfg = Debug|Any CPU
		{E98D9CC8-944E-457D-A3E4-FC2B87457C97}.Debug|x86.Build.0 = Debug|Any CPU
		{E98D9CC8-944E-457D-A3E4-FC2B87457C97}.Release|Any CPU.ActiveCfg = Release|Any CPU
		{E98D9CC8-944E-457D-A3E4-FC2B87457C97}.Release|Any CPU.Build.0 = Release|Any CPU
		{E98D9CC8-944E-457D-A3E4-FC2B87457C97}.Release|ARM.ActiveCfg = Release|Any CPU
		{E98D9CC8-944E-457D-A3E4-FC2B87457C97}.Release|ARM.Build.0 = Release|Any CPU
		{E98D9CC8-944E-457D-A3E4-FC2B87457C97}.Release|iPhone.ActiveCfg = Release|Any CPU
		{E98D9CC8-944E-457D-A3E4-FC2B87457C97}.Release|iPhone.Build.0 = Release|Any CPU
		{E98D9CC8-944E-457D-A3E4-FC2B87457C97}.Release|iPhoneSimulator.ActiveCfg = Release|Any CPU
		{E98D9CC8-944E-457D-A3E4-FC2B87457C97}.Release|iPhoneSimulator.Build.0 = Release|Any CPU
		{E98D9CC8-944E-457D-A3E4-FC2B87457C97}.Release|x64.ActiveCfg = Release|Any CPU
		{E98D9CC8-944E-457D-A3E4-FC2B87457C97}.Release|x64.Build.0 = Release|Any CPU
		{E98D9CC8-944E-457D-A3E4-FC2B87457C97}.Release|x86.ActiveCfg = Release|Any CPU
		{E98D9CC8-944E-457D-A3E4-FC2B87457C97}.Release|x86.Build.0 = Release|Any CPU
		{7C53BBCF-0EE2-464A-85F1-646761DB12F7}.Ad-Hoc|Any CPU.ActiveCfg = Release|Any CPU
		{7C53BBCF-0EE2-464A-85F1-646761DB12F7}.Ad-Hoc|Any CPU.Build.0 = Release|Any CPU
		{7C53BBCF-0EE2-464A-85F1-646761DB12F7}.Ad-Hoc|ARM.ActiveCfg = Release|Any CPU
		{7C53BBCF-0EE2-464A-85F1-646761DB12F7}.Ad-Hoc|ARM.Build.0 = Release|Any CPU
		{7C53BBCF-0EE2-464A-85F1-646761DB12F7}.Ad-Hoc|iPhone.ActiveCfg = Release|Any CPU
		{7C53BBCF-0EE2-464A-85F1-646761DB12F7}.Ad-Hoc|iPhone.Build.0 = Release|Any CPU
		{7C53BBCF-0EE2-464A-85F1-646761DB12F7}.Ad-Hoc|iPhoneSimulator.ActiveCfg = Release|Any CPU
		{7C53BBCF-0EE2-464A-85F1-646761DB12F7}.Ad-Hoc|iPhoneSimulator.Build.0 = Release|Any CPU
		{7C53BBCF-0EE2-464A-85F1-646761DB12F7}.Ad-Hoc|x64.ActiveCfg = Release|Any CPU
		{7C53BBCF-0EE2-464A-85F1-646761DB12F7}.Ad-Hoc|x64.Build.0 = Release|Any CPU
		{7C53BBCF-0EE2-464A-85F1-646761DB12F7}.Ad-Hoc|x86.ActiveCfg = Release|Any CPU
		{7C53BBCF-0EE2-464A-85F1-646761DB12F7}.Ad-Hoc|x86.Build.0 = Release|Any CPU
		{7C53BBCF-0EE2-464A-85F1-646761DB12F7}.AppStore|Any CPU.ActiveCfg = Release|Any CPU
		{7C53BBCF-0EE2-464A-85F1-646761DB12F7}.AppStore|Any CPU.Build.0 = Release|Any CPU
		{7C53BBCF-0EE2-464A-85F1-646761DB12F7}.AppStore|ARM.ActiveCfg = Release|Any CPU
		{7C53BBCF-0EE2-464A-85F1-646761DB12F7}.AppStore|ARM.Build.0 = Release|Any CPU
		{7C53BBCF-0EE2-464A-85F1-646761DB12F7}.AppStore|iPhone.ActiveCfg = Release|Any CPU
		{7C53BBCF-0EE2-464A-85F1-646761DB12F7}.AppStore|iPhone.Build.0 = Release|Any CPU
		{7C53BBCF-0EE2-464A-85F1-646761DB12F7}.AppStore|iPhoneSimulator.ActiveCfg = Release|Any CPU
		{7C53BBCF-0EE2-464A-85F1-646761DB12F7}.AppStore|iPhoneSimulator.Build.0 = Release|Any CPU
		{7C53BBCF-0EE2-464A-85F1-646761DB12F7}.AppStore|x64.ActiveCfg = Release|Any CPU
		{7C53BBCF-0EE2-464A-85F1-646761DB12F7}.AppStore|x64.Build.0 = Release|Any CPU
		{7C53BBCF-0EE2-464A-85F1-646761DB12F7}.AppStore|x86.ActiveCfg = Release|Any CPU
		{7C53BBCF-0EE2-464A-85F1-646761DB12F7}.AppStore|x86.Build.0 = Release|Any CPU
		{7C53BBCF-0EE2-464A-85F1-646761DB12F7}.Debug|Any CPU.ActiveCfg = Debug|Any CPU
		{7C53BBCF-0EE2-464A-85F1-646761DB12F7}.Debug|ARM.ActiveCfg = Debug|Any CPU
		{7C53BBCF-0EE2-464A-85F1-646761DB12F7}.Debug|iPhone.ActiveCfg = Debug|Any CPU
		{7C53BBCF-0EE2-464A-85F1-646761DB12F7}.Debug|iPhone.Build.0 = Debug|Any CPU
		{7C53BBCF-0EE2-464A-85F1-646761DB12F7}.Debug|iPhoneSimulator.ActiveCfg = Debug|Any CPU
		{7C53BBCF-0EE2-464A-85F1-646761DB12F7}.Debug|iPhoneSimulator.Build.0 = Debug|Any CPU
		{7C53BBCF-0EE2-464A-85F1-646761DB12F7}.Debug|x64.ActiveCfg = Debug|Any CPU
		{7C53BBCF-0EE2-464A-85F1-646761DB12F7}.Debug|x86.ActiveCfg = Debug|Any CPU
		{7C53BBCF-0EE2-464A-85F1-646761DB12F7}.Release|Any CPU.ActiveCfg = Release|Any CPU
		{7C53BBCF-0EE2-464A-85F1-646761DB12F7}.Release|Any CPU.Build.0 = Release|Any CPU
		{7C53BBCF-0EE2-464A-85F1-646761DB12F7}.Release|ARM.ActiveCfg = Release|Any CPU
		{7C53BBCF-0EE2-464A-85F1-646761DB12F7}.Release|ARM.Build.0 = Release|Any CPU
		{7C53BBCF-0EE2-464A-85F1-646761DB12F7}.Release|iPhone.ActiveCfg = Release|Any CPU
		{7C53BBCF-0EE2-464A-85F1-646761DB12F7}.Release|iPhone.Build.0 = Release|Any CPU
		{7C53BBCF-0EE2-464A-85F1-646761DB12F7}.Release|iPhoneSimulator.ActiveCfg = Release|Any CPU
		{7C53BBCF-0EE2-464A-85F1-646761DB12F7}.Release|iPhoneSimulator.Build.0 = Release|Any CPU
		{7C53BBCF-0EE2-464A-85F1-646761DB12F7}.Release|x64.ActiveCfg = Release|Any CPU
		{7C53BBCF-0EE2-464A-85F1-646761DB12F7}.Release|x64.Build.0 = Release|Any CPU
		{7C53BBCF-0EE2-464A-85F1-646761DB12F7}.Release|x86.ActiveCfg = Release|Any CPU
		{7C53BBCF-0EE2-464A-85F1-646761DB12F7}.Release|x86.Build.0 = Release|Any CPU
		{BC88DEE1-A949-4137-AC7E-68F42B300D64}.Ad-Hoc|Any CPU.ActiveCfg = Release|Any CPU
		{BC88DEE1-A949-4137-AC7E-68F42B300D64}.Ad-Hoc|ARM.ActiveCfg = Release|ARM
		{BC88DEE1-A949-4137-AC7E-68F42B300D64}.Ad-Hoc|iPhone.ActiveCfg = Release|Any CPU
		{BC88DEE1-A949-4137-AC7E-68F42B300D64}.Ad-Hoc|iPhoneSimulator.ActiveCfg = Release|Any CPU
		{BC88DEE1-A949-4137-AC7E-68F42B300D64}.Ad-Hoc|x64.ActiveCfg = Release|x64
		{BC88DEE1-A949-4137-AC7E-68F42B300D64}.Ad-Hoc|x86.ActiveCfg = Release|x86
		{BC88DEE1-A949-4137-AC7E-68F42B300D64}.AppStore|Any CPU.ActiveCfg = Release|Any CPU
		{BC88DEE1-A949-4137-AC7E-68F42B300D64}.AppStore|ARM.ActiveCfg = Release|ARM
		{BC88DEE1-A949-4137-AC7E-68F42B300D64}.AppStore|iPhone.ActiveCfg = Release|Any CPU
		{BC88DEE1-A949-4137-AC7E-68F42B300D64}.AppStore|iPhoneSimulator.ActiveCfg = Release|Any CPU
		{BC88DEE1-A949-4137-AC7E-68F42B300D64}.AppStore|x64.ActiveCfg = Release|x64
		{BC88DEE1-A949-4137-AC7E-68F42B300D64}.AppStore|x86.ActiveCfg = Release|x86
		{BC88DEE1-A949-4137-AC7E-68F42B300D64}.Debug|Any CPU.ActiveCfg = Debug|Any CPU
		{BC88DEE1-A949-4137-AC7E-68F42B300D64}.Debug|Any CPU.Build.0 = Debug|Any CPU
		{BC88DEE1-A949-4137-AC7E-68F42B300D64}.Debug|ARM.ActiveCfg = Debug|ARM
		{BC88DEE1-A949-4137-AC7E-68F42B300D64}.Debug|ARM.Build.0 = Debug|ARM
		{BC88DEE1-A949-4137-AC7E-68F42B300D64}.Debug|iPhone.ActiveCfg = Debug|Any CPU
		{BC88DEE1-A949-4137-AC7E-68F42B300D64}.Debug|iPhoneSimulator.ActiveCfg = Debug|Any CPU
		{BC88DEE1-A949-4137-AC7E-68F42B300D64}.Debug|x64.ActiveCfg = Debug|x64
		{BC88DEE1-A949-4137-AC7E-68F42B300D64}.Debug|x64.Build.0 = Debug|x64
		{BC88DEE1-A949-4137-AC7E-68F42B300D64}.Debug|x86.ActiveCfg = Debug|x86
		{BC88DEE1-A949-4137-AC7E-68F42B300D64}.Debug|x86.Build.0 = Debug|x86
		{BC88DEE1-A949-4137-AC7E-68F42B300D64}.Release|Any CPU.ActiveCfg = Release|Any CPU
		{BC88DEE1-A949-4137-AC7E-68F42B300D64}.Release|Any CPU.Build.0 = Release|Any CPU
		{BC88DEE1-A949-4137-AC7E-68F42B300D64}.Release|ARM.ActiveCfg = Release|ARM
		{BC88DEE1-A949-4137-AC7E-68F42B300D64}.Release|ARM.Build.0 = Release|ARM
		{BC88DEE1-A949-4137-AC7E-68F42B300D64}.Release|iPhone.ActiveCfg = Release|Any CPU
		{BC88DEE1-A949-4137-AC7E-68F42B300D64}.Release|iPhoneSimulator.ActiveCfg = Release|Any CPU
		{BC88DEE1-A949-4137-AC7E-68F42B300D64}.Release|x64.ActiveCfg = Release|x64
		{BC88DEE1-A949-4137-AC7E-68F42B300D64}.Release|x64.Build.0 = Release|x64
		{BC88DEE1-A949-4137-AC7E-68F42B300D64}.Release|x86.ActiveCfg = Release|x86
		{BC88DEE1-A949-4137-AC7E-68F42B300D64}.Release|x86.Build.0 = Release|x86
		{78CC041B-FC46-445E-AAF8-6F6C034B856B}.Ad-Hoc|Any CPU.ActiveCfg = Release|Any CPU
		{78CC041B-FC46-445E-AAF8-6F6C034B856B}.Ad-Hoc|Any CPU.Build.0 = Release|Any CPU
		{78CC041B-FC46-445E-AAF8-6F6C034B856B}.Ad-Hoc|Any CPU.Deploy.0 = Release|Any CPU
		{78CC041B-FC46-445E-AAF8-6F6C034B856B}.Ad-Hoc|ARM.ActiveCfg = Release|Any CPU
		{78CC041B-FC46-445E-AAF8-6F6C034B856B}.Ad-Hoc|ARM.Build.0 = Release|Any CPU
		{78CC041B-FC46-445E-AAF8-6F6C034B856B}.Ad-Hoc|ARM.Deploy.0 = Release|Any CPU
		{78CC041B-FC46-445E-AAF8-6F6C034B856B}.Ad-Hoc|iPhone.ActiveCfg = Release|Any CPU
		{78CC041B-FC46-445E-AAF8-6F6C034B856B}.Ad-Hoc|iPhone.Build.0 = Release|Any CPU
		{78CC041B-FC46-445E-AAF8-6F6C034B856B}.Ad-Hoc|iPhone.Deploy.0 = Release|Any CPU
		{78CC041B-FC46-445E-AAF8-6F6C034B856B}.Ad-Hoc|iPhoneSimulator.ActiveCfg = Release|Any CPU
		{78CC041B-FC46-445E-AAF8-6F6C034B856B}.Ad-Hoc|iPhoneSimulator.Build.0 = Release|Any CPU
		{78CC041B-FC46-445E-AAF8-6F6C034B856B}.Ad-Hoc|iPhoneSimulator.Deploy.0 = Release|Any CPU
		{78CC041B-FC46-445E-AAF8-6F6C034B856B}.Ad-Hoc|x64.ActiveCfg = Release|Any CPU
		{78CC041B-FC46-445E-AAF8-6F6C034B856B}.Ad-Hoc|x64.Build.0 = Release|Any CPU
		{78CC041B-FC46-445E-AAF8-6F6C034B856B}.Ad-Hoc|x64.Deploy.0 = Release|Any CPU
		{78CC041B-FC46-445E-AAF8-6F6C034B856B}.Ad-Hoc|x86.ActiveCfg = Release|Any CPU
		{78CC041B-FC46-445E-AAF8-6F6C034B856B}.Ad-Hoc|x86.Build.0 = Release|Any CPU
		{78CC041B-FC46-445E-AAF8-6F6C034B856B}.Ad-Hoc|x86.Deploy.0 = Release|Any CPU
		{78CC041B-FC46-445E-AAF8-6F6C034B856B}.AppStore|Any CPU.ActiveCfg = Release|Any CPU
		{78CC041B-FC46-445E-AAF8-6F6C034B856B}.AppStore|Any CPU.Build.0 = Release|Any CPU
		{78CC041B-FC46-445E-AAF8-6F6C034B856B}.AppStore|Any CPU.Deploy.0 = Release|Any CPU
		{78CC041B-FC46-445E-AAF8-6F6C034B856B}.AppStore|ARM.ActiveCfg = Release|Any CPU
		{78CC041B-FC46-445E-AAF8-6F6C034B856B}.AppStore|ARM.Build.0 = Release|Any CPU
		{78CC041B-FC46-445E-AAF8-6F6C034B856B}.AppStore|ARM.Deploy.0 = Release|Any CPU
		{78CC041B-FC46-445E-AAF8-6F6C034B856B}.AppStore|iPhone.ActiveCfg = Release|Any CPU
		{78CC041B-FC46-445E-AAF8-6F6C034B856B}.AppStore|iPhone.Build.0 = Release|Any CPU
		{78CC041B-FC46-445E-AAF8-6F6C034B856B}.AppStore|iPhone.Deploy.0 = Release|Any CPU
		{78CC041B-FC46-445E-AAF8-6F6C034B856B}.AppStore|iPhoneSimulator.ActiveCfg = Release|Any CPU
		{78CC041B-FC46-445E-AAF8-6F6C034B856B}.AppStore|iPhoneSimulator.Build.0 = Release|Any CPU
		{78CC041B-FC46-445E-AAF8-6F6C034B856B}.AppStore|iPhoneSimulator.Deploy.0 = Release|Any CPU
		{78CC041B-FC46-445E-AAF8-6F6C034B856B}.AppStore|x64.ActiveCfg = Release|Any CPU
		{78CC041B-FC46-445E-AAF8-6F6C034B856B}.AppStore|x64.Build.0 = Release|Any CPU
		{78CC041B-FC46-445E-AAF8-6F6C034B856B}.AppStore|x64.Deploy.0 = Release|Any CPU
		{78CC041B-FC46-445E-AAF8-6F6C034B856B}.AppStore|x86.ActiveCfg = Release|Any CPU
		{78CC041B-FC46-445E-AAF8-6F6C034B856B}.AppStore|x86.Build.0 = Release|Any CPU
		{78CC041B-FC46-445E-AAF8-6F6C034B856B}.AppStore|x86.Deploy.0 = Release|Any CPU
		{78CC041B-FC46-445E-AAF8-6F6C034B856B}.Debug|Any CPU.ActiveCfg = Debug|Any CPU
		{78CC041B-FC46-445E-AAF8-6F6C034B856B}.Debug|Any CPU.Build.0 = Debug|Any CPU
		{78CC041B-FC46-445E-AAF8-6F6C034B856B}.Debug|Any CPU.Deploy.0 = Debug|Any CPU
		{78CC041B-FC46-445E-AAF8-6F6C034B856B}.Debug|ARM.ActiveCfg = Debug|Any CPU
		{78CC041B-FC46-445E-AAF8-6F6C034B856B}.Debug|ARM.Build.0 = Debug|Any CPU
		{78CC041B-FC46-445E-AAF8-6F6C034B856B}.Debug|ARM.Deploy.0 = Debug|Any CPU
		{78CC041B-FC46-445E-AAF8-6F6C034B856B}.Debug|iPhone.ActiveCfg = Debug|Any CPU
		{78CC041B-FC46-445E-AAF8-6F6C034B856B}.Debug|iPhoneSimulator.ActiveCfg = Debug|Any CPU
		{78CC041B-FC46-445E-AAF8-6F6C034B856B}.Debug|x64.ActiveCfg = Debug|Any CPU
		{78CC041B-FC46-445E-AAF8-6F6C034B856B}.Debug|x64.Build.0 = Debug|Any CPU
		{78CC041B-FC46-445E-AAF8-6F6C034B856B}.Debug|x64.Deploy.0 = Debug|Any CPU
		{78CC041B-FC46-445E-AAF8-6F6C034B856B}.Debug|x86.ActiveCfg = Debug|Any CPU
		{78CC041B-FC46-445E-AAF8-6F6C034B856B}.Debug|x86.Build.0 = Debug|Any CPU
		{78CC041B-FC46-445E-AAF8-6F6C034B856B}.Debug|x86.Deploy.0 = Debug|Any CPU
		{78CC041B-FC46-445E-AAF8-6F6C034B856B}.Release|Any CPU.ActiveCfg = Release|Any CPU
		{78CC041B-FC46-445E-AAF8-6F6C034B856B}.Release|Any CPU.Build.0 = Release|Any CPU
		{78CC041B-FC46-445E-AAF8-6F6C034B856B}.Release|Any CPU.Deploy.0 = Release|Any CPU
		{78CC041B-FC46-445E-AAF8-6F6C034B856B}.Release|ARM.ActiveCfg = Release|Any CPU
		{78CC041B-FC46-445E-AAF8-6F6C034B856B}.Release|ARM.Build.0 = Release|Any CPU
		{78CC041B-FC46-445E-AAF8-6F6C034B856B}.Release|ARM.Deploy.0 = Release|Any CPU
		{78CC041B-FC46-445E-AAF8-6F6C034B856B}.Release|iPhone.ActiveCfg = Release|Any CPU
		{78CC041B-FC46-445E-AAF8-6F6C034B856B}.Release|iPhone.Build.0 = Release|Any CPU
		{78CC041B-FC46-445E-AAF8-6F6C034B856B}.Release|iPhone.Deploy.0 = Release|Any CPU
		{78CC041B-FC46-445E-AAF8-6F6C034B856B}.Release|iPhoneSimulator.ActiveCfg = Release|Any CPU
		{78CC041B-FC46-445E-AAF8-6F6C034B856B}.Release|iPhoneSimulator.Build.0 = Release|Any CPU
		{78CC041B-FC46-445E-AAF8-6F6C034B856B}.Release|iPhoneSimulator.Deploy.0 = Release|Any CPU
		{78CC041B-FC46-445E-AAF8-6F6C034B856B}.Release|x64.ActiveCfg = Release|Any CPU
		{78CC041B-FC46-445E-AAF8-6F6C034B856B}.Release|x64.Build.0 = Release|Any CPU
		{78CC041B-FC46-445E-AAF8-6F6C034B856B}.Release|x64.Deploy.0 = Release|Any CPU
		{78CC041B-FC46-445E-AAF8-6F6C034B856B}.Release|x86.ActiveCfg = Release|Any CPU
		{78CC041B-FC46-445E-AAF8-6F6C034B856B}.Release|x86.Build.0 = Release|Any CPU
		{78CC041B-FC46-445E-AAF8-6F6C034B856B}.Release|x86.Deploy.0 = Release|Any CPU
		{7112890B-FB5F-4E85-BDB7-591013CC3186}.Ad-Hoc|Any CPU.ActiveCfg = Ad-Hoc|iPhone
		{7112890B-FB5F-4E85-BDB7-591013CC3186}.Ad-Hoc|ARM.ActiveCfg = Ad-Hoc|iPhone
		{7112890B-FB5F-4E85-BDB7-591013CC3186}.Ad-Hoc|iPhone.ActiveCfg = Ad-Hoc|iPhone
		{7112890B-FB5F-4E85-BDB7-591013CC3186}.Ad-Hoc|iPhone.Build.0 = Ad-Hoc|iPhone
		{7112890B-FB5F-4E85-BDB7-591013CC3186}.Ad-Hoc|iPhoneSimulator.ActiveCfg = Ad-Hoc|iPhoneSimulator
		{7112890B-FB5F-4E85-BDB7-591013CC3186}.Ad-Hoc|iPhoneSimulator.Build.0 = Ad-Hoc|iPhoneSimulator
		{7112890B-FB5F-4E85-BDB7-591013CC3186}.Ad-Hoc|x64.ActiveCfg = Ad-Hoc|iPhone
		{7112890B-FB5F-4E85-BDB7-591013CC3186}.Ad-Hoc|x86.ActiveCfg = Ad-Hoc|iPhone
		{7112890B-FB5F-4E85-BDB7-591013CC3186}.AppStore|Any CPU.ActiveCfg = AppStore|iPhone
		{7112890B-FB5F-4E85-BDB7-591013CC3186}.AppStore|ARM.ActiveCfg = AppStore|iPhone
		{7112890B-FB5F-4E85-BDB7-591013CC3186}.AppStore|iPhone.ActiveCfg = AppStore|iPhone
		{7112890B-FB5F-4E85-BDB7-591013CC3186}.AppStore|iPhone.Build.0 = AppStore|iPhone
		{7112890B-FB5F-4E85-BDB7-591013CC3186}.AppStore|iPhoneSimulator.ActiveCfg = AppStore|iPhoneSimulator
		{7112890B-FB5F-4E85-BDB7-591013CC3186}.AppStore|iPhoneSimulator.Build.0 = AppStore|iPhoneSimulator
		{7112890B-FB5F-4E85-BDB7-591013CC3186}.AppStore|x64.ActiveCfg = AppStore|iPhone
		{7112890B-FB5F-4E85-BDB7-591013CC3186}.AppStore|x86.ActiveCfg = AppStore|iPhone
		{7112890B-FB5F-4E85-BDB7-591013CC3186}.Debug|Any CPU.ActiveCfg = Debug|iPhone
		{7112890B-FB5F-4E85-BDB7-591013CC3186}.Debug|ARM.ActiveCfg = Debug|iPhone
		{7112890B-FB5F-4E85-BDB7-591013CC3186}.Debug|iPhone.ActiveCfg = Debug|iPhone
		{7112890B-FB5F-4E85-BDB7-591013CC3186}.Debug|iPhone.Build.0 = Debug|iPhone
		{7112890B-FB5F-4E85-BDB7-591013CC3186}.Debug|iPhoneSimulator.ActiveCfg = Debug|iPhoneSimulator
		{7112890B-FB5F-4E85-BDB7-591013CC3186}.Debug|iPhoneSimulator.Build.0 = Debug|iPhoneSimulator
		{7112890B-FB5F-4E85-BDB7-591013CC3186}.Debug|x64.ActiveCfg = Debug|iPhone
		{7112890B-FB5F-4E85-BDB7-591013CC3186}.Debug|x86.ActiveCfg = Debug|iPhone
		{7112890B-FB5F-4E85-BDB7-591013CC3186}.Release|Any CPU.ActiveCfg = Release|iPhone
		{7112890B-FB5F-4E85-BDB7-591013CC3186}.Release|ARM.ActiveCfg = Release|iPhone
		{7112890B-FB5F-4E85-BDB7-591013CC3186}.Release|iPhone.ActiveCfg = Release|iPhone
		{7112890B-FB5F-4E85-BDB7-591013CC3186}.Release|iPhone.Build.0 = Release|iPhone
		{7112890B-FB5F-4E85-BDB7-591013CC3186}.Release|iPhoneSimulator.ActiveCfg = Release|iPhoneSimulator
		{7112890B-FB5F-4E85-BDB7-591013CC3186}.Release|iPhoneSimulator.Build.0 = Release|iPhoneSimulator
		{7112890B-FB5F-4E85-BDB7-591013CC3186}.Release|x64.ActiveCfg = Release|iPhone
		{7112890B-FB5F-4E85-BDB7-591013CC3186}.Release|x86.ActiveCfg = Release|iPhone
		{EECA62E6-7FB2-4B27-AA46-E49CC1430102}.Ad-Hoc|Any CPU.ActiveCfg = Release|x86
		{EECA62E6-7FB2-4B27-AA46-E49CC1430102}.Ad-Hoc|Any CPU.Build.0 = Release|x86
		{EECA62E6-7FB2-4B27-AA46-E49CC1430102}.Ad-Hoc|Any CPU.Deploy.0 = Release|x86
		{EECA62E6-7FB2-4B27-AA46-E49CC1430102}.Ad-Hoc|ARM.ActiveCfg = Release|ARM
		{EECA62E6-7FB2-4B27-AA46-E49CC1430102}.Ad-Hoc|ARM.Build.0 = Release|ARM
		{EECA62E6-7FB2-4B27-AA46-E49CC1430102}.Ad-Hoc|ARM.Deploy.0 = Release|ARM
		{EECA62E6-7FB2-4B27-AA46-E49CC1430102}.Ad-Hoc|iPhone.ActiveCfg = Release|x86
		{EECA62E6-7FB2-4B27-AA46-E49CC1430102}.Ad-Hoc|iPhone.Build.0 = Release|x86
		{EECA62E6-7FB2-4B27-AA46-E49CC1430102}.Ad-Hoc|iPhone.Deploy.0 = Release|x86
		{EECA62E6-7FB2-4B27-AA46-E49CC1430102}.Ad-Hoc|iPhoneSimulator.ActiveCfg = Release|x86
		{EECA62E6-7FB2-4B27-AA46-E49CC1430102}.Ad-Hoc|iPhoneSimulator.Build.0 = Release|x86
		{EECA62E6-7FB2-4B27-AA46-E49CC1430102}.Ad-Hoc|iPhoneSimulator.Deploy.0 = Release|x86
		{EECA62E6-7FB2-4B27-AA46-E49CC1430102}.Ad-Hoc|x64.ActiveCfg = Release|x64
		{EECA62E6-7FB2-4B27-AA46-E49CC1430102}.Ad-Hoc|x64.Build.0 = Release|x64
		{EECA62E6-7FB2-4B27-AA46-E49CC1430102}.Ad-Hoc|x64.Deploy.0 = Release|x64
		{EECA62E6-7FB2-4B27-AA46-E49CC1430102}.Ad-Hoc|x86.ActiveCfg = Release|x86
		{EECA62E6-7FB2-4B27-AA46-E49CC1430102}.Ad-Hoc|x86.Build.0 = Release|x86
		{EECA62E6-7FB2-4B27-AA46-E49CC1430102}.Ad-Hoc|x86.Deploy.0 = Release|x86
		{EECA62E6-7FB2-4B27-AA46-E49CC1430102}.AppStore|Any CPU.ActiveCfg = Release|x86
		{EECA62E6-7FB2-4B27-AA46-E49CC1430102}.AppStore|Any CPU.Build.0 = Release|x86
		{EECA62E6-7FB2-4B27-AA46-E49CC1430102}.AppStore|Any CPU.Deploy.0 = Release|x86
		{EECA62E6-7FB2-4B27-AA46-E49CC1430102}.AppStore|ARM.ActiveCfg = Release|ARM
		{EECA62E6-7FB2-4B27-AA46-E49CC1430102}.AppStore|ARM.Build.0 = Release|ARM
		{EECA62E6-7FB2-4B27-AA46-E49CC1430102}.AppStore|ARM.Deploy.0 = Release|ARM
		{EECA62E6-7FB2-4B27-AA46-E49CC1430102}.AppStore|iPhone.ActiveCfg = Release|x86
		{EECA62E6-7FB2-4B27-AA46-E49CC1430102}.AppStore|iPhone.Build.0 = Release|x86
		{EECA62E6-7FB2-4B27-AA46-E49CC1430102}.AppStore|iPhone.Deploy.0 = Release|x86
		{EECA62E6-7FB2-4B27-AA46-E49CC1430102}.AppStore|iPhoneSimulator.ActiveCfg = Release|x86
		{EECA62E6-7FB2-4B27-AA46-E49CC1430102}.AppStore|iPhoneSimulator.Build.0 = Release|x86
		{EECA62E6-7FB2-4B27-AA46-E49CC1430102}.AppStore|iPhoneSimulator.Deploy.0 = Release|x86
		{EECA62E6-7FB2-4B27-AA46-E49CC1430102}.AppStore|x64.ActiveCfg = Release|x64
		{EECA62E6-7FB2-4B27-AA46-E49CC1430102}.AppStore|x64.Build.0 = Release|x64
		{EECA62E6-7FB2-4B27-AA46-E49CC1430102}.AppStore|x64.Deploy.0 = Release|x64
		{EECA62E6-7FB2-4B27-AA46-E49CC1430102}.AppStore|x86.ActiveCfg = Release|x86
		{EECA62E6-7FB2-4B27-AA46-E49CC1430102}.AppStore|x86.Build.0 = Release|x86
		{EECA62E6-7FB2-4B27-AA46-E49CC1430102}.AppStore|x86.Deploy.0 = Release|x86
		{EECA62E6-7FB2-4B27-AA46-E49CC1430102}.Debug|Any CPU.ActiveCfg = Debug|x86
		{EECA62E6-7FB2-4B27-AA46-E49CC1430102}.Debug|Any CPU.Build.0 = Debug|x86
		{EECA62E6-7FB2-4B27-AA46-E49CC1430102}.Debug|Any CPU.Deploy.0 = Debug|x86
		{EECA62E6-7FB2-4B27-AA46-E49CC1430102}.Debug|ARM.ActiveCfg = Debug|ARM
		{EECA62E6-7FB2-4B27-AA46-E49CC1430102}.Debug|ARM.Build.0 = Debug|ARM
		{EECA62E6-7FB2-4B27-AA46-E49CC1430102}.Debug|ARM.Deploy.0 = Debug|ARM
		{EECA62E6-7FB2-4B27-AA46-E49CC1430102}.Debug|iPhone.ActiveCfg = Debug|x86
		{EECA62E6-7FB2-4B27-AA46-E49CC1430102}.Debug|iPhoneSimulator.ActiveCfg = Debug|x86
		{EECA62E6-7FB2-4B27-AA46-E49CC1430102}.Debug|x64.ActiveCfg = Debug|x64
		{EECA62E6-7FB2-4B27-AA46-E49CC1430102}.Debug|x64.Build.0 = Debug|x64
		{EECA62E6-7FB2-4B27-AA46-E49CC1430102}.Debug|x64.Deploy.0 = Debug|x64
		{EECA62E6-7FB2-4B27-AA46-E49CC1430102}.Debug|x86.ActiveCfg = Debug|x86
		{EECA62E6-7FB2-4B27-AA46-E49CC1430102}.Debug|x86.Build.0 = Debug|x86
		{EECA62E6-7FB2-4B27-AA46-E49CC1430102}.Debug|x86.Deploy.0 = Debug|x86
		{EECA62E6-7FB2-4B27-AA46-E49CC1430102}.Release|Any CPU.ActiveCfg = Release|x86
		{EECA62E6-7FB2-4B27-AA46-E49CC1430102}.Release|ARM.ActiveCfg = Release|ARM
		{EECA62E6-7FB2-4B27-AA46-E49CC1430102}.Release|ARM.Build.0 = Release|ARM
		{EECA62E6-7FB2-4B27-AA46-E49CC1430102}.Release|ARM.Deploy.0 = Release|ARM
		{EECA62E6-7FB2-4B27-AA46-E49CC1430102}.Release|iPhone.ActiveCfg = Release|x86
		{EECA62E6-7FB2-4B27-AA46-E49CC1430102}.Release|iPhoneSimulator.ActiveCfg = Release|x86
		{EECA62E6-7FB2-4B27-AA46-E49CC1430102}.Release|x64.ActiveCfg = Release|x64
		{EECA62E6-7FB2-4B27-AA46-E49CC1430102}.Release|x64.Build.0 = Release|x64
		{EECA62E6-7FB2-4B27-AA46-E49CC1430102}.Release|x64.Deploy.0 = Release|x64
		{EECA62E6-7FB2-4B27-AA46-E49CC1430102}.Release|x86.ActiveCfg = Release|x86
		{EECA62E6-7FB2-4B27-AA46-E49CC1430102}.Release|x86.Build.0 = Release|x86
		{EECA62E6-7FB2-4B27-AA46-E49CC1430102}.Release|x86.Deploy.0 = Release|x86
	EndGlobalSection
	GlobalSection(SolutionProperties) = preSolution
		HideSolutionNode = FALSE
	EndGlobalSection
EndGlobal
